
Microsoft Visual Studio Solution File, Format Version 12.00
# Visual Studio Version 16
VisualStudioVersion = 25.0.1700.7
MinimumVisualStudioVersion = 10.0.40219.1
Project("{FAE04EC0-301F-11D3-BF4B-00C04F79EFBC}") = "FlipsideApiTest", "FlipsideApiTest\FlipsideApiTest.csproj", "{0BD82E47-22A6-45D2-88DA-AE6D2908B8CC}"
EndProject
Global
	GlobalSection(SolutionConfigurationPlatforms) = preSolution
		Debug|Any CPU = Debug|Any CPU
		Release|Any CPU = Release|Any CPU
	EndGlobalSection
	GlobalSection(ProjectConfigurationPlatforms) = postSolution
		{0BD82E47-22A6-45D2-88DA-AE6D2908B8CC}.Debug|Any CPU.ActiveCfg = Debug|Any CPU
		{0BD82E47-22A6-45D2-88DA-AE6D2908B8CC}.Debug|Any CPU.Build.0 = Debug|Any CPU
		{0BD82E47-22A6-45D2-88DA-AE6D2908B8CC}.Release|Any CPU.ActiveCfg = Release|Any CPU
		{0BD82E47-22A6-45D2-88DA-AE6D2908B8CC}.Release|Any CPU.Build.0 = Release|Any CPU
	EndGlobalSection
	GlobalSection(SolutionProperties) = preSolution
		HideSolutionNode = FALSE
	EndGlobalSection
	GlobalSection(ExtensibilityGlobals) = postSolution
		SolutionGuid = {69A6D901-80D0-4B76-BD83-BF439BBDE979}
	EndGlobalSection
EndGlobal
